// !$*UTF8*$!
{
	archiveVersion = 1;
	classes = {
	};
	objectVersion = 50;
	objects = {

/* Begin PBXBuildFile section */
		4161FBF529D49F5B00A3C3DF /* AppDelegate.swift in Sources */ = {isa = PBXBuildFile; fileRef = 4161FBF429D49F5B00A3C3DF /* AppDelegate.swift */; };
		4161FBF729D49F5B00A3C3DF /* ViewController.swift in Sources */ = {isa = PBXBuildFile; fileRef = 4161FBF629D49F5B00A3C3DF /* ViewController.swift */; };
		4161FBFA29D49F5B00A3C3DF /* Main.storyboard in Resources */ = {isa = PBXBuildFile; fileRef = 4161FBF829D49F5B00A3C3DF /* Main.storyboard */; };
		4161FBFC29D49F5D00A3C3DF /* Assets.xcassets in Resources */ = {isa = PBXBuildFile; fileRef = 4161FBFB29D49F5D00A3C3DF /* Assets.xcassets */; };
		4161FBFF29D49F5D00A3C3DF /* LaunchScreen.storyboard in Resources */ = {isa = PBXBuildFile; fileRef = 4161FBFD29D49F5D00A3C3DF /* LaunchScreen.storyboard */; };
		4161FC0A29D49F5D00A3C3DF /* Assignment_3_CustomTableViewUITests.swift in Sources */ = {isa = PBXBuildFile; fileRef = 4161FC0929D49F5D00A3C3DF /* Assignment_3_CustomTableViewUITests.swift */; };
		4161FC1E29D4AFC900A3C3DF /* ImageTableViewCell.swift in Sources */ = {isa = PBXBuildFile; fileRef = 4161FC1C29D4AFC900A3C3DF /* ImageTableViewCell.swift */; };
		4161FC1F29D4AFC900A3C3DF /* ImageTableViewCell.xib in Resources */ = {isa = PBXBuildFile; fileRef = 4161FC1D29D4AFC900A3C3DF /* ImageTableViewCell.xib */; };
		4161FC2229D4AFE000A3C3DF /* SegmentTableViewCell.swift in Sources */ = {isa = PBXBuildFile; fileRef = 4161FC2029D4AFE000A3C3DF /* SegmentTableViewCell.swift */; };
		4161FC2329D4AFE000A3C3DF /* SegmentTableViewCell.xib in Resources */ = {isa = PBXBuildFile; fileRef = 4161FC2129D4AFE000A3C3DF /* SegmentTableViewCell.xib */; };
		41C4E25229DB27C000CC55DF /* ProgessTableViewCell.swift in Sources */ = {isa = PBXBuildFile; fileRef = 41C4E25029DB27C000CC55DF /* ProgessTableViewCell.swift */; };
		41C4E25329DB27C000CC55DF /* ProgessTableViewCell.xib in Resources */ = {isa = PBXBuildFile; fileRef = 41C4E25129DB27C000CC55DF /* ProgessTableViewCell.xib */; };
		41C4E25629DB2D9F00CC55DF /* SliderTableViewCell.swift in Sources */ = {isa = PBXBuildFile; fileRef = 41C4E25429DB2D9F00CC55DF /* SliderTableViewCell.swift */; };
		41C4E25729DB2D9F00CC55DF /* SliderTableViewCell.xib in Resources */ = {isa = PBXBuildFile; fileRef = 41C4E25529DB2D9F00CC55DF /* SliderTableViewCell.xib */; };
		41C4E25A29DB322100CC55DF /* StepperTableViewCell.swift in Sources */ = {isa = PBXBuildFile; fileRef = 41C4E25829DB322100CC55DF /* StepperTableViewCell.swift */; };
		41C4E25B29DB322100CC55DF /* StepperTableViewCell.xib in Resources */ = {isa = PBXBuildFile; fileRef = 41C4E25929DB322100CC55DF /* StepperTableViewCell.xib */; };
		41C4E25E29DB35F200CC55DF /* SwitchTableViewCell.swift in Sources */ = {isa = PBXBuildFile; fileRef = 41C4E25C29DB35F200CC55DF /* SwitchTableViewCell.swift */; };
		41C4E25F29DB35F200CC55DF /* SwitchTableViewCell.xib in Resources */ = {isa = PBXBuildFile; fileRef = 41C4E25D29DB35F200CC55DF /* SwitchTableViewCell.xib */; };
		41C4E26229DB383800CC55DF /* CourseCodeTableViewCell.swift in Sources */ = {isa = PBXBuildFile; fileRef = 41C4E26029DB383800CC55DF /* CourseCodeTableViewCell.swift */; };
		41C4E26329DB383800CC55DF /* CourseCodeTableViewCell.xib in Resources */ = {isa = PBXBuildFile; fileRef = 41C4E26129DB383800CC55DF /* CourseCodeTableViewCell.xib */; };
/* End PBXBuildFile section */

/* Begin PBXContainerItemProxy section */
		4161FC0629D49F5D00A3C3DF /* PBXContainerItemProxy */ = {
			isa = PBXContainerItemProxy;
			containerPortal = 4161FBE929D49F5B00A3C3DF /* Project object */;
			proxyType = 1;
			remoteGlobalIDString = 4161FBF029D49F5B00A3C3DF;
			remoteInfo = Assignment_3_CustomTableView;
		};
/* End PBXContainerItemProxy section */

/* Begin PBXFileReference section */
		4161FBF129D49F5B00A3C3DF /* Assignment_3_CustomTableView.app */ = {isa = PBXFileReference; explicitFileType = wrapper.application; includeInIndex = 0; path = Assignment_3_CustomTableView.app; sourceTree = BUILT_PRODUCTS_DIR; };
		4161FBF429D49F5B00A3C3DF /* AppDelegate.swift */ = {isa = PBXFileReference; lastKnownFileType = sourcecode.swift; path = AppDelegate.swift; sourceTree = "<group>"; };
		4161FBF629D49F5B00A3C3DF /* ViewController.swift */ = {isa = PBXFileReference; lastKnownFileType = sourcecode.swift; path = ViewController.swift; sourceTree = "<group>"; };
		4161FBF929D49F5B00A3C3DF /* Base */ = {isa = PBXFileReference; lastKnownFileType = file.storyboard; name = Base; path = Base.lproj/Main.storyboard; sourceTree = "<group>"; };
		4161FBFB29D49F5D00A3C3DF /* Assets.xcassets */ = {isa = PBXFileReference; lastKnownFileType = folder.assetcatalog; path = Assets.xcassets; sourceTree = "<group>"; };
		4161FBFE29D49F5D00A3C3DF /* Base */ = {isa = PBXFileReference; lastKnownFileType = file.storyboard; name = Base; path = Base.lproj/LaunchScreen.storyboard; sourceTree = "<group>"; };
		4161FC0029D49F5D00A3C3DF /* Info.plist */ = {isa = PBXFileReference; lastKnownFileType = text.plist.xml; path = Info.plist; sourceTree = "<group>"; };
		4161FC0529D49F5D00A3C3DF /* Assignment_3_CustomTableViewUITests.xctest */ = {isa = PBXFileReference; explicitFileType = wrapper.cfbundle; includeInIndex = 0; path = Assignment_3_CustomTableViewUITests.xctest; sourceTree = BUILT_PRODUCTS_DIR; };
		4161FC0929D49F5D00A3C3DF /* Assignment_3_CustomTableViewUITests.swift */ = {isa = PBXFileReference; lastKnownFileType = sourcecode.swift; path = Assignment_3_CustomTableViewUITests.swift; sourceTree = "<group>"; };
		4161FC0B29D49F5D00A3C3DF /* Info.plist */ = {isa = PBXFileReference; lastKnownFileType = text.plist.xml; path = Info.plist; sourceTree = "<group>"; };
		4161FC1C29D4AFC900A3C3DF /* ImageTableViewCell.swift */ = {isa = PBXFileReference; lastKnownFileType = sourcecode.swift; path = ImageTableViewCell.swift; sourceTree = "<group>"; };
		4161FC1D29D4AFC900A3C3DF /* ImageTableViewCell.xib */ = {isa = PBXFileReference; lastKnownFileType = file.xib; path = ImageTableViewCell.xib; sourceTree = "<group>"; };
		4161FC2029D4AFE000A3C3DF /* SegmentTableViewCell.swift */ = {isa = PBXFileReference; lastKnownFileType = sourcecode.swift; path = SegmentTableViewCell.swift; sourceTree = "<group>"; };
		4161FC2129D4AFE000A3C3DF /* SegmentTableViewCell.xib */ = {isa = PBXFileReference; lastKnownFileType = file.xib; path = SegmentTableViewCell.xib; sourceTree = "<group>"; };
		41C4E25029DB27C000CC55DF /* ProgessTableViewCell.swift */ = {isa = PBXFileReference; lastKnownFileType = sourcecode.swift; path = ProgessTableViewCell.swift; sourceTree = "<group>"; };
		41C4E25129DB27C000CC55DF /* ProgessTableViewCell.xib */ = {isa = PBXFileReference; lastKnownFileType = file.xib; path = ProgessTableViewCell.xib; sourceTree = "<group>"; };
		41C4E25429DB2D9F00CC55DF /* SliderTableViewCell.swift */ = {isa = PBXFileReference; lastKnownFileType = sourcecode.swift; path = SliderTableViewCell.swift; sourceTree = "<group>"; };
		41C4E25529DB2D9F00CC55DF /* SliderTableViewCell.xib */ = {isa = PBXFileReference; lastKnownFileType = file.xib; path = SliderTableViewCell.xib; sourceTree = "<group>"; };
		41C4E25829DB322100CC55DF /* StepperTableViewCell.swift */ = {isa = PBXFileReference; lastKnownFileType = sourcecode.swift; path = StepperTableViewCell.swift; sourceTree = "<group>"; };
		41C4E25929DB322100CC55DF /* StepperTableViewCell.xib */ = {isa = PBXFileReference; lastKnownFileType = file.xib; path = StepperTableViewCell.xib; sourceTree = "<group>"; };
		41C4E25C29DB35F200CC55DF /* SwitchTableViewCell.swift */ = {isa = PBXFileReference; lastKnownFileType = sourcecode.swift; path = SwitchTableViewCell.swift; sourceTree = "<group>"; };
		41C4E25D29DB35F200CC55DF /* SwitchTableViewCell.xib */ = {isa = PBXFileReference; lastKnownFileType = file.xib; path = SwitchTableViewCell.xib; sourceTree = "<group>"; };
		41C4E26029DB383800CC55DF /* CourseCodeTableViewCell.swift */ = {isa = PBXFileReference; lastKnownFileType = sourcecode.swift; path = CourseCodeTableViewCell.swift; sourceTree = "<group>"; };
		41C4E26129DB383800CC55DF /* CourseCodeTableViewCell.xib */ = {isa = PBXFileReference; lastKnownFileType = file.xib; path = CourseCodeTableViewCell.xib; sourceTree = "<group>"; };
/* End PBXFileReference section */

/* Begin PBXFrameworksBuildPhase section */
		4161FBEE29D49F5B00A3C3DF /* Frameworks */ = {
			isa = PBXFrameworksBuildPhase;
			buildActionMask = 2147483647;
			files = (
			);
			runOnlyForDeploymentPostprocessing = 0;
		};
		4161FC0229D49F5D00A3C3DF /* Frameworks */ = {
			isa = PBXFrameworksBuildPhase;
			buildActionMask = 2147483647;
			files = (
			);
			runOnlyForDeploymentPostprocessing = 0;
		};
/* End PBXFrameworksBuildPhase section */

/* Begin PBXGroup section */
		4161FBE829D49F5B00A3C3DF = {
			isa = PBXGroup;
			children = (
				4161FBF329D49F5B00A3C3DF /* Assignment_3_CustomTableView */,
				4161FC0829D49F5D00A3C3DF /* Assignment_3_CustomTableViewUITests */,
				4161FBF229D49F5B00A3C3DF /* Products */,
			);
			sourceTree = "<group>";
		};
		4161FBF229D49F5B00A3C3DF /* Products */ = {
			isa = PBXGroup;
			children = (
				4161FBF129D49F5B00A3C3DF /* Assignment_3_CustomTableView.app */,
				4161FC0529D49F5D00A3C3DF /* Assignment_3_CustomTableViewUITests.xctest */,
			);
			name = Products;
			sourceTree = "<group>";
		};
		4161FBF329D49F5B00A3C3DF /* Assignment_3_CustomTableView */ = {
			isa = PBXGroup;
			children = (
				4161FBF429D49F5B00A3C3DF /* AppDelegate.swift */,
				4161FBF629D49F5B00A3C3DF /* ViewController.swift */,
				4161FBF829D49F5B00A3C3DF /* Main.storyboard */,
				4161FBFB29D49F5D00A3C3DF /* Assets.xcassets */,
				4161FBFD29D49F5D00A3C3DF /* LaunchScreen.storyboard */,
				4161FC0029D49F5D00A3C3DF /* Info.plist */,
				4161FC1C29D4AFC900A3C3DF /* ImageTableViewCell.swift */,
				4161FC1D29D4AFC900A3C3DF /* ImageTableViewCell.xib */,
				4161FC2029D4AFE000A3C3DF /* SegmentTableViewCell.swift */,
				4161FC2129D4AFE000A3C3DF /* SegmentTableViewCell.xib */,
				41C4E25029DB27C000CC55DF /* ProgessTableViewCell.swift */,
				41C4E25129DB27C000CC55DF /* ProgessTableViewCell.xib */,
				41C4E25429DB2D9F00CC55DF /* SliderTableViewCell.swift */,
				41C4E25529DB2D9F00CC55DF /* SliderTableViewCell.xib */,
				41C4E25829DB322100CC55DF /* StepperTableViewCell.swift */,
				41C4E25929DB322100CC55DF /* StepperTableViewCell.xib */,
				41C4E25C29DB35F200CC55DF /* SwitchTableViewCell.swift */,
				41C4E25D29DB35F200CC55DF /* SwitchTableViewCell.xib */,
				41C4E26029DB383800CC55DF /* CourseCodeTableViewCell.swift */,
				41C4E26129DB383800CC55DF /* CourseCodeTableViewCell.xib */,
			);
			path = Assignment_3_CustomTableView;
			sourceTree = "<group>";
		};
		4161FC0829D49F5D00A3C3DF /* Assignment_3_CustomTableViewUITests */ = {
			isa = PBXGroup;
			children = (
				4161FC0929D49F5D00A3C3DF /* Assignment_3_CustomTableViewUITests.swift */,
				4161FC0B29D49F5D00A3C3DF /* Info.plist */,
			);
			path = Assignment_3_CustomTableViewUITests;
			sourceTree = "<group>";
		};
/* End PBXGroup section */

/* Begin PBXNativeTarget section */
		4161FBF029D49F5B00A3C3DF /* Assignment_3_CustomTableView */ = {
			isa = PBXNativeTarget;
			buildConfigurationList = 4161FC0E29D49F5D00A3C3DF /* Build configuration list for PBXNativeTarget "Assignment_3_CustomTableView" */;
			buildPhases = (
				4161FBED29D49F5B00A3C3DF /* Sources */,
				4161FBEE29D49F5B00A3C3DF /* Frameworks */,
				4161FBEF29D49F5B00A3C3DF /* Resources */,
			);
			buildRules = (
			);
			dependencies = (
			);
			name = Assignment_3_CustomTableView;
			productName = Assignment_3_CustomTableView;
			productReference = 4161FBF129D49F5B00A3C3DF /* Assignment_3_CustomTableView.app */;
			productType = "com.apple.product-type.application";
		};
		4161FC0429D49F5D00A3C3DF /* Assignment_3_CustomTableViewUITests */ = {
			isa = PBXNativeTarget;
			buildConfigurationList = 4161FC1129D49F5D00A3C3DF /* Build configuration list for PBXNativeTarget "Assignment_3_CustomTableViewUITests" */;
			buildPhases = (
				4161FC0129D49F5D00A3C3DF /* Sources */,
				4161FC0229D49F5D00A3C3DF /* Frameworks */,
				4161FC0329D49F5D00A3C3DF /* Resources */,
			);
			buildRules = (
			);
			dependencies = (
				4161FC0729D49F5D00A3C3DF /* PBXTargetDependency */,
			);
			name = Assignment_3_CustomTableViewUITests;
			productName = Assignment_3_CustomTableViewUITests;
			productReference = 4161FC0529D49F5D00A3C3DF /* Assignment_3_CustomTableViewUITests.xctest */;
			productType = "com.apple.product-type.bundle.ui-testing";
		};
/* End PBXNativeTarget section */

/* Begin PBXProject section */
		4161FBE929D49F5B00A3C3DF /* Project object */ = {
			isa = PBXProject;
			attributes = {
				LastSwiftUpdateCheck = 0940;
				LastUpgradeCheck = 0940;
				ORGANIZATIONNAME = "Canadore Student";
				TargetAttributes = {
					4161FBF029D49F5B00A3C3DF = {
						CreatedOnToolsVersion = 9.4.1;
					};
					4161FC0429D49F5D00A3C3DF = {
						CreatedOnToolsVersion = 9.4.1;
						TestTargetID = 4161FBF029D49F5B00A3C3DF;
					};
				};
			};
			buildConfigurationList = 4161FBEC29D49F5B00A3C3DF /* Build configuration list for PBXProject "Assignment_3_CustomTableView" */;
			compatibilityVersion = "Xcode 9.3";
			developmentRegion = en;
			hasScannedForEncodings = 0;
			knownRegions = (
				en,
				Base,
			);
			mainGroup = 4161FBE829D49F5B00A3C3DF;
			productRefGroup = 4161FBF229D49F5B00A3C3DF /* Products */;
			projectDirPath = "";
			projectRoot = "";
			targets = (
				4161FBF029D49F5B00A3C3DF /* Assignment_3_CustomTableView */,
				4161FC0429D49F5D00A3C3DF /* Assignment_3_CustomTableViewUITests */,
			);
		};
/* End PBXProject section */

/* Begin PBXResourcesBuildPhase section */
		4161FBEF29D49F5B00A3C3DF /* Resources */ = {
			isa = PBXResourcesBuildPhase;
			buildActionMask = 2147483647;
			files = (
				4161FBFF29D49F5D00A3C3DF /* LaunchScreen.storyboard in Resources */,
				41C4E25329DB27C000CC55DF /* ProgessTableViewCell.xib in Resources */,
				4161FC1F29D4AFC900A3C3DF /* ImageTableViewCell.xib in Resources */,
				4161FBFC29D49F5D00A3C3DF /* Assets.xcassets in Resources */,
				4161FBFA29D49F5B00A3C3DF /* Main.storyboard in Resources */,
				41C4E26329DB383800CC55DF /* CourseCodeTableViewCell.xib in Resources */,
				4161FC2329D4AFE000A3C3DF /* SegmentTableViewCell.xib in Resources */,
				41C4E25F29DB35F200CC55DF /* SwitchTableViewCell.xib in Resources */,
				41C4E25729DB2D9F00CC55DF /* SliderTableViewCell.xib in Resources */,
				41C4E25B29DB322100CC55DF /* StepperTableViewCell.xib in Resources */,
			);
			runOnlyForDeploymentPostprocessing = 0;
		};
		4161FC0329D49F5D00A3C3DF /* Resources */ = {
			isa = PBXResourcesBuildPhase;
			buildActionMask = 2147483647;
			files = (
			);
			runOnlyForDeploymentPostprocessing = 0;
		};
/* End PBXResourcesBuildPhase section */

/* Begin PBXSourcesBuildPhase section */
		4161FBED29D49F5B00A3C3DF /* Sources */ = {
			isa = PBXSourcesBuildPhase;
			buildActionMask = 2147483647;
			files = (
				41C4E25A29DB322100CC55DF /* StepperTableViewCell.swift in Sources */,
				41C4E26229DB383800CC55DF /* CourseCodeTableViewCell.swift in Sources */,
				41C4E25E29DB35F200CC55DF /* SwitchTableViewCell.swift in Sources */,
				4161FC1E29D4AFC900A3C3DF /* ImageTableViewCell.swift in Sources */,
				41C4E25229DB27C000CC55DF /* ProgessTableViewCell.swift in Sources */,
				4161FBF729D49F5B00A3C3DF /* ViewController.swift in Sources */,
				4161FBF529D49F5B00A3C3DF /* AppDelegate.swift in Sources */,
				41C4E25629DB2D9F00CC55DF /* SliderTableViewCell.swift in Sources */,
				4161FC2229D4AFE000A3C3DF /* SegmentTableViewCell.swift in Sources */,
			);
			runOnlyForDeploymentPostprocessing = 0;
		};
		4161FC0129D49F5D00A3C3DF /* Sources */ = {
			isa = PBXSourcesBuildPhase;
			buildActionMask = 2147483647;
			files = (
				4161FC0A29D49F5D00A3C3DF /* Assignment_3_CustomTableViewUITests.swift in Sources */,
			);
			runOnlyForDeploymentPostprocessing = 0;
		};
/* End PBXSourcesBuildPhase section */

/* Begin PBXTargetDependency section */
		4161FC0729D49F5D00A3C3DF /* PBXTargetDependency */ = {
			isa = PBXTargetDependency;
			target = 4161FBF029D49F5B00A3C3DF /* Assignment_3_CustomTableView */;
			targetProxy = 4161FC0629D49F5D00A3C3DF /* PBXContainerItemProxy */;
		};
/* End PBXTargetDependency section */

/* Begin PBXVariantGroup section */
		4161FBF829D49F5B00A3C3DF /* Main.storyboard */ = {
			isa = PBXVariantGroup;
			children = (
				4161FBF929D49F5B00A3C3DF /* Base */,
			);
			name = Main.storyboard;
			sourceTree = "<group>";
		};
		4161FBFD29D49F5D00A3C3DF /* LaunchScreen.storyboard */ = {
			isa = PBXVariantGroup;
			children = (
				4161FBFE29D49F5D00A3C3DF /* Base */,
			);
			name = LaunchScreen.storyboard;
			sourceTree = "<group>";
		};
/* End PBXVariantGroup section */

/* Begin XCBuildConfiguration section */
		4161FC0C29D49F5D00A3C3DF /* Debug */ = {
			isa = XCBuildConfiguration;
			buildSettings = {
				ALWAYS_SEARCH_USER_PATHS = NO;
				CLANG_ANALYZER_NONNULL = YES;
				CLANG_ANALYZER_NUMBER_OBJECT_CONVERSION = YES_AGGRESSIVE;
				CLANG_CXX_LANGUAGE_STANDARD = "gnu++14";
				CLANG_CXX_LIBRARY = "libc++";
				CLANG_ENABLE_MODULES = YES;
				CLANG_ENABLE_OBJC_ARC = YES;
				CLANG_ENABLE_OBJC_WEAK = YES;
				CLANG_WARN_BLOCK_CAPTURE_AUTORELEASING = YES;
				CLANG_WARN_BOOL_CONVERSION = YES;
				CLANG_WARN_COMMA = YES;
				CLANG_WARN_CONSTANT_CONVERSION = YES;
				CLANG_WARN_DEPRECATED_OBJC_IMPLEMENTATIONS = YES;
				CLANG_WARN_DIRECT_OBJC_ISA_USAGE = YES_ERROR;
				CLANG_WARN_DOCUMENTATION_COMMENTS = YES;
				CLANG_WARN_EMPTY_BODY = YES;
				CLANG_WARN_ENUM_CONVERSION = YES;
				CLANG_WARN_INFINITE_RECURSION = YES;
				CLANG_WARN_INT_CONVERSION = YES;
				CLANG_WARN_NON_LITERAL_NULL_CONVERSION = YES;
				CLANG_WARN_OBJC_IMPLICIT_RETAIN_SELF = YES;
				CLANG_WARN_OBJC_LITERAL_CONVERSION = YES;
				CLANG_WARN_OBJC_ROOT_CLASS = YES_ERROR;
				CLANG_WARN_RANGE_LOOP_ANALYSIS = YES;
				CLANG_WARN_STRICT_PROTOTYPES = YES;
				CLANG_WARN_SUSPICIOUS_MOVE = YES;
				CLANG_WARN_UNGUARDED_AVAILABILITY = YES_AGGRESSIVE;
				CLANG_WARN_UNREACHABLE_CODE = YES;
				CLANG_WARN__DUPLICATE_METHOD_MATCH = YES;
				CODE_SIGN_IDENTITY = "iPhone Developer";
				COPY_PHASE_STRIP = NO;
				DEBUG_INFORMATION_FORMAT = dwarf;
				ENABLE_STRICT_OBJC_MSGSEND = YES;
				ENABLE_TESTABILITY = YES;
				GCC_C_LANGUAGE_STANDARD = gnu11;
				GCC_DYNAMIC_NO_PIC = NO;
				GCC_NO_COMMON_BLOCKS = YES;
				GCC_OPTIMIZATION_LEVEL = 0;
				GCC_PREPROCESSOR_DEFINITIONS = (
					"DEBUG=1",
					"$(inherited)",
				);
				GCC_WARN_64_TO_32_BIT_CONVERSION = YES;
				GCC_WARN_ABOUT_RETURN_TYPE = YES_ERROR;
				GCC_WARN_UNDECLARED_SELECTOR = YES;
				GCC_WARN_UNINITIALIZED_AUTOS = YES_AGGRESSIVE;
				GCC_WARN_UNUSED_FUNCTION = YES;
				GCC_WARN_UNUSED_VARIABLE = YES;
				IPHONEOS_DEPLOYMENT_TARGET = 11.4;
				MTL_ENABLE_DEBUG_INFO = YES;
				ONLY_ACTIVE_ARCH = YES;
				SDKROOT = iphoneos;
				SWIFT_ACTIVE_COMPILATION_CONDITIONS = DEBUG;
				SWIFT_OPTIMIZATION_LEVEL = "-Onone";
			};
			name = Debug;
		};
		4161FC0D29D49F5D00A3C3DF /* Release */ = {
			isa = XCBuildConfiguration;
			buildSettings = {
				ALWAYS_SEARCH_USER_PATHS = NO;
				CLANG_ANALYZER_NONNULL = YES;
				CLANG_ANALYZER_NUMBER_OBJECT_CONVERSION = YES_AGGRESSIVE;
				CLANG_CXX_LANGUAGE_STANDARD = "gnu++14";
				CLANG_CXX_LIBRARY = "libc++";
				CLANG_ENABLE_MODULES = YES;
				CLANG_ENABLE_OBJC_ARC = YES;
				CLANG_ENABLE_OBJC_WEAK = YES;
				CLANG_WARN_BLOCK_CAPTURE_AUTORELEASING = YES;
				CLANG_WARN_BOOL_CONVERSION = YES;
				CLANG_WARN_COMMA = YES;
				CLANG_WARN_CONSTANT_CONVERSION = YES;
				CLANG_WARN_DEPRECATED_OBJC_IMPLEMENTATIONS = YES;
				CLANG_WARN_DIRECT_OBJC_ISA_USAGE = YES_ERROR;
				CLANG_WARN_DOCUMENTATION_COMMENTS = YES;
				CLANG_WARN_EMPTY_BODY = YES;
				CLANG_WARN_ENUM_CONVERSION = YES;
				CLANG_WARN_INFINITE_RECURSION = YES;
				CLANG_WARN_INT_CONVERSION = YES;
				CLANG_WARN_NON_LITERAL_NULL_CONVERSION = YES;
				CLANG_WARN_OBJC_IMPLICIT_RETAIN_SELF = YES;
				CLANG_WARN_OBJC_LITERAL_CONVERSION = YES;
				CLANG_WARN_OBJC_ROOT_CLASS = YES_ERROR;
				CLANG_WARN_RANGE_LOOP_ANALYSIS = YES;
				CLANG_WARN_STRICT_PROTOTYPES = YES;
				CLANG_WARN_SUSPICIOUS_MOVE = YES;
				CLANG_WARN_UNGUARDED_AVAILABILITY = YES_AGGRESSIVE;
				CLANG_WARN_UNREACHABLE_CODE = YES;
				CLANG_WARN__DUPLICATE_METHOD_MATCH = YES;
				CODE_SIGN_IDENTITY = "iPhone Developer";
				COPY_PHASE_STRIP = NO;
				DEBUG_INFORMATION_FORMAT = "dwarf-with-dsym";
				ENABLE_NS_ASSERTIONS = NO;
				ENABLE_STRICT_OBJC_MSGSEND = YES;
				GCC_C_LANGUAGE_STANDARD = gnu11;
				GCC_NO_COMMON_BLOCKS = YES;
				GCC_WARN_64_TO_32_BIT_CONVERSION = YES;
				GCC_WARN_ABOUT_RETURN_TYPE = YES_ERROR;
				GCC_WARN_UNDECLARED_SELECTOR = YES;
				GCC_WARN_UNINITIALIZED_AUTOS = YES_AGGRESSIVE;
				GCC_WARN_UNUSED_FUNCTION = YES;
				GCC_WARN_UNUSED_VARIABLE = YES;
				IPHONEOS_DEPLOYMENT_TARGET = 11.4;
				MTL_ENABLE_DEBUG_INFO = NO;
				SDKROOT = iphoneos;
				SWIFT_COMPILATION_MODE = wholemodule;
				SWIFT_OPTIMIZATION_LEVEL = "-O";
				VALIDATE_PRODUCT = YES;
			};
			name = Release;
		};
		4161FC0F29D49F5D00A3C3DF /* Debug */ = {
			isa = XCBuildConfiguration;
			buildSettings = {
				ASSETCATALOG_COMPILER_APPICON_NAME = AppIcon;
				CODE_SIGN_STYLE = Automatic;
				INFOPLIST_FILE = Assignment_3_CustomTableView/Info.plist;
				LD_RUNPATH_SEARCH_PATHS = (
					"$(inherited)",
					"@executable_path/Frameworks",
				);
				PRODUCT_BUNDLE_IDENTIFIER = "CustomTableViewApp.Assignment-3-CustomTableView";
				PRODUCT_NAME = "$(TARGET_NAME)";
				SWIFT_VERSION = 4.0;
				TARGETED_DEVICE_FAMILY = "1,2";
			};
			name = Debug;
		};
		4161FC1029D49F5D00A3C3DF /* Release */ = {
			isa = XCBuildConfiguration;
			buildSettings = {
				ASSETCATALOG_COMPILER_APPICON_NAME = AppIcon;
				CODE_SIGN_STYLE = Automatic;
				INFOPLIST_FILE = Assignment_3_CustomTableView/Info.plist;
				LD_RUNPATH_SEARCH_PATHS = (
					"$(inherited)",
					"@executable_path/Frameworks",
				);
				PRODUCT_BUNDLE_IDENTIFIER = "CustomTableViewApp.Assignment-3-CustomTableView";
				PRODUCT_NAME = "$(TARGET_NAME)";
				SWIFT_VERSION = 4.0;
				TARGETED_DEVICE_FAMILY = "1,2";
			};
			name = Release;
		};
		4161FC1229D49F5D00A3C3DF /* Debug */ = {
			isa = XCBuildConfiguration;
			buildSettings = {
				ALWAYS_EMBED_SWIFT_STANDARD_LIBRARIES = YES;
				CODE_SIGN_STYLE = Automatic;
				INFOPLIST_FILE = Assignment_3_CustomTableViewUITests/Info.plist;
				LD_RUNPATH_SEARCH_PATHS = (
					"$(inherited)",
					"@executable_path/Frameworks",
					"@loader_path/Frameworks",
				);
				PRODUCT_BUNDLE_IDENTIFIER = "CustomTableViewApp.Assignment-3-CustomTableViewUITests";
				PRODUCT_NAME = "$(TARGET_NAME)";
				SWIFT_VERSION = 4.0;
				TARGETED_DEVICE_FAMILY = "1,2";
				TEST_TARGET_NAME = Assignment_3_CustomTableView;
			};
			name = Debug;
		};
		4161FC1329D49F5D00A3C3DF /* Release */ = {
			isa = XCBuildConfiguration;
			buildSettings = {
				ALWAYS_EMBED_SWIFT_STANDARD_LIBRARIES = YES;
				CODE_SIGN_STYLE = Automatic;
				INFOPLIST_FILE = Assignment_3_CustomTableViewUITests/Info.plist;
				LD_RUNPATH_SEARCH_PATHS = (
					"$(inherited)",
					"@executable_path/Frameworks",
					"@loader_path/Frameworks",
				);
				PRODUCT_BUNDLE_IDENTIFIER = "CustomTableViewApp.Assignment-3-CustomTableViewUITests";
				PRODUCT_NAME = "$(TARGET_NAME)";
				SWIFT_VERSION = 4.0;
				TARGETED_DEVICE_FAMILY = "1,2";
				TEST_TARGET_NAME = Assignment_3_CustomTableView;
			};
			name = Release;
		};
/* End XCBuildConfiguration section */

/* Begin XCConfigurationList section */
		4161FBEC29D49F5B00A3C3DF /* Build configuration list for PBXProject "Assignment_3_CustomTableView" */ = {
			isa = XCConfigurationList;
			buildConfigurations = (
				4161FC0C29D49F5D00A3C3DF /* Debug */,
				4161FC0D29D49F5D00A3C3DF /* Release */,
			);
			defaultConfigurationIsVisible = 0;
			defaultConfigurationName = Release;
		};
		4161FC0E29D49F5D00A3C3DF /* Build configuration list for PBXNativeTarget "Assignment_3_CustomTableView" */ = {
			isa = XCConfigurationList;
			buildConfigurations = (
				4161FC0F29D49F5D00A3C3DF /* Debug */,
				4161FC1029D49F5D00A3C3DF /* Release */,
			);
			defaultConfigurationIsVisible = 0;
			defaultConfigurationName = Release;
		};
		4161FC1129D49F5D00A3C3DF /* Build configuration list for PBXNativeTarget "Assignment_3_CustomTableViewUITests" */ = {
			isa = XCConfigurationList;
			buildConfigurations = (
				4161FC1229D49F5D00A3C3DF /* Debug */,
				4161FC1329D49F5D00A3C3DF /* Release */,
			);
			defaultConfigurationIsVisible = 0;
			defaultConfigurationName = Release;
		};
/* End XCConfigurationList section */
	};
	rootObject = 4161FBE929D49F5B00A3C3DF /* Project object */;
}
